Microsoft Visual Studio Solution File, Format Version 12.00
# Visual Studio Version 17
VisualStudioVersion = 17.2.32616.157
MinimumVisualStudioVersion = 10.0.40219.1
Project("{9A19103F-16F7-4668-BE54-9A1E7A4F7556}") = "Forbid_Expand_Collapse.Net5", "Forbid_Expand_Collapse\Forbid_Expand_Collapse.Net5.csproj", "{3B506659-5E75-4AD9-8F8B-F2E6231E00B1}"
EndProject
Global
	GlobalSection(SolutionConfigurationPlatforms) = preSolution
		Debug|Any CPU = Debug|Any CPU
		Release|Any CPU = Release|Any CPU
	EndGlobalSection
	GlobalSection(ProjectConfigurationPlatforms) = postSolution
		{3B506659-5E75-4AD9-8F8B-F2E6231E00B1}.Debug|Any CPU.ActiveCfg = Debug|Any CPU
		{3B506659-5E75-4AD9-8F8B-F2E6231E00B1}.Debug|Any CPU.Build.0 = Debug|Any CPU
		{3B506659-5E75-4AD9-8F8B-F2E6231E00B1}.Release|Any CPU.ActiveCfg = Release|Any CPU
		{3B506659-5E75-4AD9-8F8B-F2E6231E00B1}.Release|Any CPU.Build.0 = Release|Any CPU
	EndGlobalSection
	GlobalSection(SolutionProperties) = preSolution
		HideSolutionNode = FALSE
	EndGlobalSection
	GlobalSection(ExtensibilityGlobals) = postSolution
		SolutionGuid = {3CDD9886-76AD-4B7A-91FB-27DF7E692957}
	EndGlobalSection
EndGlobal
